<?xml version="1.0" encoding="utf-8"?>
<Project ToolsVersion="4.0" xmlns="http://schemas.microsoft.com/developer/msbuild/2003">
  <ItemGroup>
    <Filter Include="Source Files">
      <UniqueIdentifier>{4FC737F1-C7A5-4376-A066-2A32D752A2FF}</UniqueIdentifier>
      <Extensions>cpp;c;cc;cxx;c++;cppm;ixx;def;odl;idl;hpj;bat;asm;asmx</Extensions>
    </Filter>
    <Filter Include="Header Files">
      <UniqueIdentifier>{93995380-89BD-4b04-88EB-625FBE52EBFB}</UniqueIdentifier>
      <Extensions>h;hh;hpp;hxx;h++;hm;inl;inc;ipp;xsd</Extensions>
    </Filter>
    <Filter Include="Resource Files">
      <UniqueIdentifier>{67DA6AB6-F800-4c08-8B7A-83BB121AAD01}</UniqueIdentifier>
      <Extensions>rc;ico;cur;bmp;dlg;rc2;rct;bin;rgs;gif;jpg;jpeg;jpe;resx;tiff;tif;png;wav;mfcribbon-ms</Extensions>
    </Filter>
    <Filter Include="Source Files\Emulator">
      <UniqueIdentifier>{34f5dd20-2058-4642-8d2c-e0f8b61de663}</UniqueIdentifier>
    </Filter>
    <Filter Include="Source Files\Emulator\sound">
      <UniqueIdentifier>{39e9ab69-b59a-4d01-888d-109074d10604}</UniqueIdentifier>
    </Filter>
    <Filter Include="Source Files\Emulator\CPU">
      <UniqueIdentifier>{7be19939-df22-4c39-b301-2b848f47dc9f}</UniqueIdentifier>
    </Filter>
    <Filter Include="Source Files\Emulator\Memory">
      <UniqueIdentifier>{19822c28-fdf6-482a-b94a-5154503079d5}</UniqueIdentifier>
    </Filter>
    <Filter Include="Source Files\Emulator\Video">
      <UniqueIdentifier>{9013827a-8030-4245-9609-e2f8be977ce4}</UniqueIdentifier>
    </Filter>
  </ItemGroup>
  <ItemGroup>
    <ClCompile Include="Main.cpp">
      <Filter>Source Files</Filter>
    </ClCompile>
    <ClCompile Include="Emulator\CPU\CPU.cpp">
      <Filter>Source Files</Filter>
    </ClCompile>
    <ClCompile Include="Emulator\Emulator.cpp">
      <Filter>Source Files</Filter>
    </ClCompile>
    <ClCompile Include="Emulator\Memory\MemoryRange.cpp">
      <Filter>Source Files</Filter>
    </ClCompile>
    <ClCompile Include="Emulator\Memory\MemoryRangeBanked.cpp">
      <Filter>Source Files</Filter>
    </ClCompile>
    <ClCompile Include="Emulator\Video\VideoProcessor.cpp">
      <Filter>Source Files</Filter>
    </ClCompile>
    <ClCompile Include="Emulator\Memory\ROM\ICartridge.cpp">
      <Filter>Source Files</Filter>
    </ClCompile>
    <ClCompile Include="Emulator\Memory\ROM\MapperMBC1.cpp">
      <Filter>Source Files</Filter>
    </ClCompile>
    <ClCompile Include="Emulator\Memory\MemoryMapper.cpp">
      <Filter>Source Files</Filter>
    </ClCompile>
    <ClCompile Include="Emulator\Memory\MemoryProxy.cpp">
      <Filter>Source Files</Filter>
    </ClCompile>
    <ClCompile Include="Emulator\Memory\MemoryBus.cpp">
      <Filter>Source Files</Filter>
    </ClCompile>
  </ItemGroup>
  <ItemGroup>
    <ClInclude Include="Emulator\Bitmath.h">
      <Filter>Header Files</Filter>
    </ClInclude>
    <ClInclude Include="Emulator\CPU\CPU.h">
      <Filter>Header Files</Filter>
    </ClInclude>
    <ClInclude Include="Emulator\CPU\OpcodesLoad.h">
      <Filter>Header Files</Filter>
    </ClInclude>
    <ClInclude Include="Emulator\Memory\IMemory.h">
      <Filter>Header Files</Filter>
    </ClInclude>
    <ClInclude Include="Emulator\Memory\MemoryRange.h">
      <Filter>Header Files</Filter>
    </ClInclude>
    <ClInclude Include="Emulator\Memory\MemoryRangeBanked.h">
      <Filter>Header Files</Filter>
    </ClInclude>
    <ClInclude Include="Emulator\Video\VideoProcessor.h">
      <Filter>Header Files</Filter>
    </ClInclude>
    <ClInclude Include="Types.h">
      <Filter>Header Files</Filter>
    </ClInclude>
    <ClInclude Include="Emulator\CPU\OpcodesCB.h">
      <Filter>Header Files</Filter>
    </ClInclude>
    <ClInclude Include="Emulator\ISerializable.h">
      <Filter>Header Files</Filter>
    </ClInclude>
    <ClInclude Include="Emulator\Memory\ROM\ICartridge.h">
      <Filter>Header Files</Filter>
    </ClInclude>
    <ClInclude Include="Emulator\Memory\ROM\MapperMBC1.h">
      <Filter>Header Files</Filter>
    </ClInclude>
    <ClInclude Include="Emulator\Memory\MemoryMapper.h">
      <Filter>Header Files</Filter>
    </ClInclude>
    <ClInclude Include="Emulator\Memory\MemoryProxy.h">
      <Filter>Header Files</Filter>
    </ClInclude>
    <ClInclude Include="Emulator\Memory\MemoryBus.h">
      <Filter>Header Files</Filter>
    </ClInclude>
    <ClInclude Include="Emulator\HardwareRevision.h">
      <Filter>Header Files</Filter>
    </ClInclude>
  </ItemGroup>
</Project>